
Microsoft Visual Studio Solution File, Format Version 12.00
# Visual Studio Version 16
VisualStudioVersion = 16.0.32630.194
MinimumVisualStudioVersion = 10.0.40219.1
Project("{8BC9CEB8-8B4A-11D0-8D11-00A0C91BC942}") = "Palindrome Partition", "Palindrome Partition\Palindrome Partition.vcxproj", "{EB1B6388-7ECC-44E7-B022-0C245BDFE289}"
EndProject
Global
	GlobalSection(SolutionConfigurationPlatforms) = preSolution
		Debug|x64 = Debug|x64
		Debug|x86 = Debug|x86
		Release|x64 = Release|x64
		Release|x86 = Release|x86
	EndGlobalSection
	GlobalSection(ProjectConfigurationPlatforms) = postSolution
		{EB1B6388-7ECC-44E7-B022-0C245BDFE289}.Debug|x64.ActiveCfg = Debug|x64
		{EB1B6388-7ECC-44E7-B022-0C245BDFE289}.Debug|x64.Build.0 = Debug|x64
		{EB1B6388-7ECC-44E7-B022-0C245BDFE289}.Debug|x86.ActiveCfg = Debug|Win32
		{EB1B6388-7ECC-44E7-B022-0C245BDFE289}.Debug|x86.Build.0 = Debug|Win32
		{EB1B6388-7ECC-44E7-B022-0C245BDFE289}.Release|x64.ActiveCfg = Release|x64
		{EB1B6388-7ECC-44E7-B022-0C245BDFE289}.Release|x64.Build.0 = Release|x64
		{EB1B6388-7ECC-44E7-B022-0C245BDFE289}.Release|x86.ActiveCfg = Release|Win32
		{EB1B6388-7ECC-44E7-B022-0C245BDFE289}.Release|x86.Build.0 = Release|Win32
	EndGlobalSection
	GlobalSection(SolutionProperties) = preSolution
		HideSolutionNode = FALSE
	EndGlobalSection
	GlobalSection(ExtensibilityGlobals) = postSolution
		SolutionGuid = {E5E26371-1F89-4739-B4F2-1C45A9DA399B}
	EndGlobalSection
EndGlobal
